
Microsoft Visual Studio Solution File, Format Version 12.00
# Visual Studio Version 17
VisualStudioVersion = 17.8.34408.163
MinimumVisualStudioVersion = 10.0.40219.1
Project("{FAE04EC0-301F-11D3-BF4B-00C04F79EFBC}") = "addProduct", "addProduct\addProduct.csproj", "{8D32D8CA-863A-4446-8E67-E4E87FFFC6AE}"
EndProject
Global
	GlobalSection(SolutionConfigurationPlatforms) = preSolution
		Debug|Any CPU = Debug|Any CPU
		Release|Any CPU = Release|Any CPU
	EndGlobalSection
	GlobalSection(ProjectConfigurationPlatforms) = postSolution
		{8D32D8CA-863A-4446-8E67-E4E87FFFC6AE}.Debug|Any CPU.ActiveCfg = Debug|Any CPU
		{8D32D8CA-863A-4446-8E67-E4E87FFFC6AE}.Debug|Any CPU.Build.0 = Debug|Any CPU
		{8D32D8CA-863A-4446-8E67-E4E87FFFC6AE}.Release|Any CPU.ActiveCfg = Release|Any CPU
		{8D32D8CA-863A-4446-8E67-E4E87FFFC6AE}.Release|Any CPU.Build.0 = Release|Any CPU
	EndGlobalSection
	GlobalSection(SolutionProperties) = preSolution
		HideSolutionNode = FALSE
	EndGlobalSection
	GlobalSection(ExtensibilityGlobals) = postSolution
		SolutionGuid = {4823445D-F712-44D0-8E16-BF56C7E6CC38}
	EndGlobalSection
EndGlobal
